{
  "originHash" : "5e782664f355154d0ec81562c8a5fb65eb3f275e1575fc859e4dbeebbc859281",
  "pins" : [
    {
      "identity" : "amplitude-ios",
      "kind" : "remoteSourceControl",
      "location" : "https://github.com/amplitude/Amplitude-iOS",
      "state" : {
        "revision" : "bfdec453a31fd35942a619ef472fcf2f09e2313a",
        "version" : "8.19.2"
      }
    },
    {
      "identity" : "analytics-connector-ios",
      "kind" : "remoteSourceControl",
      "location" : "https://github.com/amplitude/analytics-connector-ios.git",
      "state" : {
        "revision" : "e2ca17ac735bcbc48b13062484541702ef45153d",
        "version" : "1.0.3"
      }
    },
    {
      "identity" : "kmp-nativecoroutines",
      "kind" : "remoteSourceControl",
      "location" : "https://github.com/rickclephas/KMP-NativeCoroutines.git",
      "state" : {
        "revision" : "47bede5732bc502c7dc14af7343263ae64ed8772",
        "version" : "1.0.0-ALPHA-22-spm-no-deps"
      }
    },
    {
      "identity" : "swiftui-flow-layout",
      "kind" : "remoteSourceControl",
      "location" : "https://github.com/globulus/swiftui-flow-layout",
      "state" : {
        "revision" : "de7da3440c3b87ba94adfa98c698828d7746a76d",
        "version" : "1.0.5"
      }
    },
    {
      "identity" : "swiftui-introspect",
      "kind" : "remoteSourceControl",
      "location" : "https://github.com/siteline/swiftui-introspect",
      "state" : {
        "revision" : "7dc5b287f8040e4ad5038739850b758e78f77808",
        "version" : "1.1.4"
      }
    }
  ],
  "version" : 3
}
