PODS:
  - KMPNativeCoroutinesCombine (1.0.0-ALPHA-10):
    - KMPNativeCoroutinesCore (= 1.0.0-ALPHA-10)
  - KMPNativeCoroutinesCore (1.0.0-ALPHA-10)
  - shared (1.0):
    - KMPNativeCoroutinesCombine (~> 1.0.0-ALPHA-10)

DEPENDENCIES:
  - shared (from `../shared`)

SPEC REPOS:
  trunk:
    - KMPNativeCoroutinesCombine
    - KMPNativeCoroutinesCore

EXTERNAL SOURCES:
  shared:
    :path: "../shared"

SPEC CHECKSUMS:
  KMPNativeCoroutinesCombine: aba1388c87a7ad95ca167ef033a487d83da428d6
  KMPNativeCoroutinesCore: 826573240f36e70f257c5215acab10a72b05ba82
  shared: e32671d1561a9906054a0f634d8aa76cc35cbe9b

PODFILE CHECKSUM: b892769b6c884a2cbeb6b7b490bac3291d916956

COCOAPODS: 1.12.1
