PODS:
  - Introspect (0.6.0)
  - KMPNativeCoroutinesCombine (1.0.0-ALPHA-10):
    - KMPNativeCoroutinesCore (= 1.0.0-ALPHA-10)
  - KMPNativeCoroutinesCore (1.0.0-ALPHA-10)
  - shared (1.0):
    - Introspect (~> 0.6.0)
    - KMPNativeCoroutinesCombine (~> 1.0.0-ALPHA-9)

DEPENDENCIES:
  - shared (from `../shared`)

SPEC REPOS:
  trunk:
    - Introspect
    - KMPNativeCoroutinesCombine
    - KMPNativeCoroutinesCore

EXTERNAL SOURCES:
  shared:
    :path: "../shared"

SPEC CHECKSUMS:
  Introspect: 59378bd7e1774f0327244ad2d06b1b9c805cb9ed
  KMPNativeCoroutinesCombine: aba1388c87a7ad95ca167ef033a487d83da428d6
  KMPNativeCoroutinesCore: 826573240f36e70f257c5215acab10a72b05ba82
  shared: 293a250d6a51ffde4657e7cb22e8be0925d244aa

PODFILE CHECKSUM: 0f8678ea3277de5cf184a402c079fd7f4a31154c

COCOAPODS: 1.12.1
