// !$*UTF8*$!
{
	archiveVersion = 1;
	classes = {
	};
	objectVersion = 56;
	objects = {

/* Begin PBXBuildFile section */
		DBBCD02E2D8F4C219DBA6628 /* Pods_WishApp.framework in Frameworks */ = {isa = PBXBuildFile; fileRef = CE82C3BFCB066E79A9355667 /* Pods_WishApp.framework */; };
		ED232D4C2A1F85B000C51DB7 /* WishEntityExt.swift in Sources */ = {isa = PBXBuildFile; fileRef = ED232D4B2A1F85B000C51DB7 /* WishEntityExt.swift */; };
		ED2555BC2A2A34A700678E7C /* TagItemView.swift in Sources */ = {isa = PBXBuildFile; fileRef = ED2555BB2A2A34A700678E7C /* TagItemView.swift */; };
		ED2555BF2A2A3B0F00678E7C /* Localizable.stringsdict in Resources */ = {isa = PBXBuildFile; fileRef = ED2555C12A2A3B0F00678E7C /* Localizable.stringsdict */; };
		ED3973C62A28F27A00DB0896 /* Localizable.strings in Resources */ = {isa = PBXBuildFile; fileRef = ED3973C82A28F27A00DB0896 /* Localizable.strings */; };
		ED3973CC2A28F33C00DB0896 /* InfoPlist.strings in Resources */ = {isa = PBXBuildFile; fileRef = ED3973CE2A28F33C00DB0896 /* InfoPlist.strings */; };
		ED6DB19829B4F21F00A11CA3 /* WishApp.swift in Sources */ = {isa = PBXBuildFile; fileRef = ED6DB19729B4F21F00A11CA3 /* WishApp.swift */; };
		ED6DB19C29B4F21F00A11CA3 /* Assets.xcassets in Resources */ = {isa = PBXBuildFile; fileRef = ED6DB19B29B4F21F00A11CA3 /* Assets.xcassets */; };
		ED6DB19F29B4F21F00A11CA3 /* Preview Assets.xcassets in Resources */ = {isa = PBXBuildFile; fileRef = ED6DB19E29B4F21F00A11CA3 /* Preview Assets.xcassets */; };
		ED6DB1AB29B503B800A11CA3 /* Utils.swift in Sources */ = {isa = PBXBuildFile; fileRef = ED6DB1AA29B503B800A11CA3 /* Utils.swift */; };
		ED6EFA3B2A22495200CC1B13 /* MainView.swift in Sources */ = {isa = PBXBuildFile; fileRef = ED6EFA3A2A22495200CC1B13 /* MainView.swift */; };
		ED6EFA3D2A22495F00CC1B13 /* WishListView.swift in Sources */ = {isa = PBXBuildFile; fileRef = ED6EFA3C2A22495F00CC1B13 /* WishListView.swift */; };
		ED6EFA3F2A22498700CC1B13 /* WishListViewModel.swift in Sources */ = {isa = PBXBuildFile; fileRef = ED6EFA3E2A22498700CC1B13 /* WishListViewModel.swift */; };
		ED6EFA412A2249B000CC1B13 /* MainViewModel.swift in Sources */ = {isa = PBXBuildFile; fileRef = ED6EFA402A2249B000CC1B13 /* MainViewModel.swift */; };
		ED6EFA472A224B8700CC1B13 /* NavigationModel.swift in Sources */ = {isa = PBXBuildFile; fileRef = ED6EFA462A224B8700CC1B13 /* NavigationModel.swift */; };
		ED6EFA4A2A2256D200CC1B13 /* MainItem.swift in Sources */ = {isa = PBXBuildFile; fileRef = ED6EFA492A2256D200CC1B13 /* MainItem.swift */; };
		ED6EFA4C2A225A7400CC1B13 /* WishListMode.swift in Sources */ = {isa = PBXBuildFile; fileRef = ED6EFA4B2A225A7400CC1B13 /* WishListMode.swift */; };
		EDB776EE2A27AC9D0087EA06 /* MainViewState.swift in Sources */ = {isa = PBXBuildFile; fileRef = EDB776ED2A27AC9D0087EA06 /* MainViewState.swift */; };
/* End PBXBuildFile section */

/* Begin PBXFileReference section */
		09C1248ADD095BAC97F25AF2 /* Pods-WishApp.debug.xcconfig */ = {isa = PBXFileReference; includeInIndex = 1; lastKnownFileType = text.xcconfig; name = "Pods-WishApp.debug.xcconfig"; path = "Target Support Files/Pods-WishApp/Pods-WishApp.debug.xcconfig"; sourceTree = "<group>"; };
		2571903193AD706D91A31376 /* Pods-WishApp.release.xcconfig */ = {isa = PBXFileReference; includeInIndex = 1; lastKnownFileType = text.xcconfig; name = "Pods-WishApp.release.xcconfig"; path = "Target Support Files/Pods-WishApp/Pods-WishApp.release.xcconfig"; sourceTree = "<group>"; };
		CE82C3BFCB066E79A9355667 /* Pods_WishApp.framework */ = {isa = PBXFileReference; explicitFileType = wrapper.framework; includeInIndex = 0; path = Pods_WishApp.framework; sourceTree = BUILT_PRODUCTS_DIR; };
		ED232D4B2A1F85B000C51DB7 /* WishEntityExt.swift */ = {isa = PBXFileReference; lastKnownFileType = sourcecode.swift; path = WishEntityExt.swift; sourceTree = "<group>"; };
		ED2555BB2A2A34A700678E7C /* TagItemView.swift */ = {isa = PBXFileReference; lastKnownFileType = sourcecode.swift; path = TagItemView.swift; sourceTree = "<group>"; };
		ED2555C02A2A3B0F00678E7C /* en */ = {isa = PBXFileReference; lastKnownFileType = text.plist.stringsdict; name = en; path = en.lproj/Localizable.stringsdict; sourceTree = "<group>"; };
		ED2555C22A2A3B1200678E7C /* ru */ = {isa = PBXFileReference; lastKnownFileType = text.plist.stringsdict; name = ru; path = ru.lproj/Localizable.stringsdict; sourceTree = "<group>"; };
		ED3973C72A28F27A00DB0896 /* en */ = {isa = PBXFileReference; lastKnownFileType = text.plist.strings; name = en; path = en.lproj/Localizable.strings; sourceTree = "<group>"; };
		ED3973C92A28F28600DB0896 /* ru */ = {isa = PBXFileReference; lastKnownFileType = text.plist.strings; name = ru; path = ru.lproj/Localizable.strings; sourceTree = "<group>"; };
		ED3973CD2A28F33C00DB0896 /* en */ = {isa = PBXFileReference; lastKnownFileType = text.plist.strings; name = en; path = en.lproj/InfoPlist.strings; sourceTree = "<group>"; };
		ED3973CF2A28F33F00DB0896 /* ru */ = {isa = PBXFileReference; lastKnownFileType = text.plist.strings; name = ru; path = ru.lproj/InfoPlist.strings; sourceTree = "<group>"; };
		ED6DB19429B4F21F00A11CA3 /* WishApp.app */ = {isa = PBXFileReference; explicitFileType = wrapper.application; includeInIndex = 0; path = WishApp.app; sourceTree = BUILT_PRODUCTS_DIR; };
		ED6DB19729B4F21F00A11CA3 /* WishApp.swift */ = {isa = PBXFileReference; lastKnownFileType = sourcecode.swift; path = WishApp.swift; sourceTree = "<group>"; };
		ED6DB19B29B4F21F00A11CA3 /* Assets.xcassets */ = {isa = PBXFileReference; lastKnownFileType = folder.assetcatalog; path = Assets.xcassets; sourceTree = "<group>"; };
		ED6DB19E29B4F21F00A11CA3 /* Preview Assets.xcassets */ = {isa = PBXFileReference; lastKnownFileType = folder.assetcatalog; path = "Preview Assets.xcassets"; sourceTree = "<group>"; };
		ED6DB1AA29B503B800A11CA3 /* Utils.swift */ = {isa = PBXFileReference; lastKnownFileType = sourcecode.swift; path = Utils.swift; sourceTree = "<group>"; };
		ED6EFA3A2A22495200CC1B13 /* MainView.swift */ = {isa = PBXFileReference; lastKnownFileType = sourcecode.swift; path = MainView.swift; sourceTree = "<group>"; };
		ED6EFA3C2A22495F00CC1B13 /* WishListView.swift */ = {isa = PBXFileReference; lastKnownFileType = sourcecode.swift; path = WishListView.swift; sourceTree = "<group>"; };
		ED6EFA3E2A22498700CC1B13 /* WishListViewModel.swift */ = {isa = PBXFileReference; lastKnownFileType = sourcecode.swift; path = WishListViewModel.swift; sourceTree = "<group>"; };
		ED6EFA402A2249B000CC1B13 /* MainViewModel.swift */ = {isa = PBXFileReference; lastKnownFileType = sourcecode.swift; path = MainViewModel.swift; sourceTree = "<group>"; };
		ED6EFA462A224B8700CC1B13 /* NavigationModel.swift */ = {isa = PBXFileReference; lastKnownFileType = sourcecode.swift; path = NavigationModel.swift; sourceTree = "<group>"; };
		ED6EFA492A2256D200CC1B13 /* MainItem.swift */ = {isa = PBXFileReference; lastKnownFileType = sourcecode.swift; path = MainItem.swift; sourceTree = "<group>"; };
		ED6EFA4B2A225A7400CC1B13 /* WishListMode.swift */ = {isa = PBXFileReference; lastKnownFileType = sourcecode.swift; path = WishListMode.swift; sourceTree = "<group>"; };
		EDB776ED2A27AC9D0087EA06 /* MainViewState.swift */ = {isa = PBXFileReference; lastKnownFileType = sourcecode.swift; path = MainViewState.swift; sourceTree = "<group>"; };
/* End PBXFileReference section */

/* Begin PBXFrameworksBuildPhase section */
		ED6DB19129B4F21F00A11CA3 /* Frameworks */ = {
			isa = PBXFrameworksBuildPhase;
			buildActionMask = 2147483647;
			files = (
				DBBCD02E2D8F4C219DBA6628 /* Pods_WishApp.framework in Frameworks */,
			);
			runOnlyForDeploymentPostprocessing = 0;
		};
/* End PBXFrameworksBuildPhase section */

/* Begin PBXGroup section */
		6EAD93FD4FD82134DA083FDA /* Pods */ = {
			isa = PBXGroup;
			children = (
				09C1248ADD095BAC97F25AF2 /* Pods-WishApp.debug.xcconfig */,
				2571903193AD706D91A31376 /* Pods-WishApp.release.xcconfig */,
			);
			path = Pods;
			sourceTree = "<group>";
		};
		A4191BFF3551F9A241B8BC5E /* Frameworks */ = {
			isa = PBXGroup;
			children = (
				CE82C3BFCB066E79A9355667 /* Pods_WishApp.framework */,
			);
			name = Frameworks;
			sourceTree = "<group>";
		};
		ED2555BA2A2A348700678E7C /* Components */ = {
			isa = PBXGroup;
			children = (
				ED2555BB2A2A34A700678E7C /* TagItemView.swift */,
			);
			path = Components;
			sourceTree = "<group>";
		};
		ED3973BD2A28F06000DB0896 /* Resources */ = {
			isa = PBXGroup;
			children = (
				ED6DB19B29B4F21F00A11CA3 /* Assets.xcassets */,
				ED3973C82A28F27A00DB0896 /* Localizable.strings */,
				ED3973CE2A28F33C00DB0896 /* InfoPlist.strings */,
				ED2555C12A2A3B0F00678E7C /* Localizable.stringsdict */,
			);
			path = Resources;
			sourceTree = "<group>";
		};
		ED6DB18B29B4F21E00A11CA3 = {
			isa = PBXGroup;
			children = (
				ED6DB19629B4F21F00A11CA3 /* WishApp */,
				ED6DB19529B4F21F00A11CA3 /* Products */,
				6EAD93FD4FD82134DA083FDA /* Pods */,
				A4191BFF3551F9A241B8BC5E /* Frameworks */,
			);
			sourceTree = "<group>";
		};
		ED6DB19529B4F21F00A11CA3 /* Products */ = {
			isa = PBXGroup;
			children = (
				ED6DB19429B4F21F00A11CA3 /* WishApp.app */,
			);
			name = Products;
			sourceTree = "<group>";
		};
		ED6DB19629B4F21F00A11CA3 /* WishApp */ = {
			isa = PBXGroup;
			children = (
				ED3973BD2A28F06000DB0896 /* Resources */,
				ED6EFA422A2249E000CC1B13 /* Utils */,
				ED6EFA362A22491C00CC1B13 /* Domain */,
				ED6EFA312A2248E300CC1B13 /* View */,
				ED6DB19729B4F21F00A11CA3 /* WishApp.swift */,
				ED6DB1AA29B503B800A11CA3 /* Utils.swift */,
				ED6DB19D29B4F21F00A11CA3 /* Preview Content */,
			);
			path = WishApp;
			sourceTree = "<group>";
		};
		ED6DB19D29B4F21F00A11CA3 /* Preview Content */ = {
			isa = PBXGroup;
			children = (
				ED6DB19E29B4F21F00A11CA3 /* Preview Assets.xcassets */,
			);
			path = "Preview Content";
			sourceTree = "<group>";
		};
		ED6EFA312A2248E300CC1B13 /* View */ = {
			isa = PBXGroup;
			children = (
				ED6EFA452A224B7400CC1B13 /* Navigation */,
				ED6EFA352A22491000CC1B13 /* WishList */,
				ED6EFA332A2248FA00CC1B13 /* Main */,
			);
			path = View;
			sourceTree = "<group>";
		};
		ED6EFA332A2248FA00CC1B13 /* Main */ = {
			isa = PBXGroup;
			children = (
				ED2555BA2A2A348700678E7C /* Components */,
				ED6EFA482A2256B200CC1B13 /* Entity */,
				ED6EFA3A2A22495200CC1B13 /* MainView.swift */,
				ED6EFA402A2249B000CC1B13 /* MainViewModel.swift */,
			);
			path = Main;
			sourceTree = "<group>";
		};
		ED6EFA352A22491000CC1B13 /* WishList */ = {
			isa = PBXGroup;
			children = (
				ED6EFA3C2A22495F00CC1B13 /* WishListView.swift */,
				ED6EFA3E2A22498700CC1B13 /* WishListViewModel.swift */,
				ED6EFA4B2A225A7400CC1B13 /* WishListMode.swift */,
			);
			path = WishList;
			sourceTree = "<group>";
		};
		ED6EFA362A22491C00CC1B13 /* Domain */ = {
			isa = PBXGroup;
			children = (
				ED6EFA372A22492300CC1B13 /* Entity */,
			);
			path = Domain;
			sourceTree = "<group>";
		};
		ED6EFA372A22492300CC1B13 /* Entity */ = {
			isa = PBXGroup;
			children = (
				ED232D4B2A1F85B000C51DB7 /* WishEntityExt.swift */,
			);
			path = Entity;
			sourceTree = "<group>";
		};
		ED6EFA422A2249E000CC1B13 /* Utils */ = {
			isa = PBXGroup;
			children = (
			);
			path = Utils;
			sourceTree = "<group>";
		};
		ED6EFA452A224B7400CC1B13 /* Navigation */ = {
			isa = PBXGroup;
			children = (
				ED6EFA462A224B8700CC1B13 /* NavigationModel.swift */,
			);
			path = Navigation;
			sourceTree = "<group>";
		};
		ED6EFA482A2256B200CC1B13 /* Entity */ = {
			isa = PBXGroup;
			children = (
				ED6EFA492A2256D200CC1B13 /* MainItem.swift */,
				EDB776ED2A27AC9D0087EA06 /* MainViewState.swift */,
			);
			path = Entity;
			sourceTree = "<group>";
		};
/* End PBXGroup section */

/* Begin PBXNativeTarget section */
		ED6DB19329B4F21F00A11CA3 /* WishApp */ = {
			isa = PBXNativeTarget;
			buildConfigurationList = ED6DB1A229B4F21F00A11CA3 /* Build configuration list for PBXNativeTarget "WishApp" */;
			buildPhases = (
				24EB4C37C69C6782079FF015 /* [CP] Check Pods Manifest.lock */,
				ED6DB19029B4F21F00A11CA3 /* Sources */,
				ED6DB19129B4F21F00A11CA3 /* Frameworks */,
				ED6DB19229B4F21F00A11CA3 /* Resources */,
				1BD4AE511C359344A2D059D9 /* [CP] Embed Pods Frameworks */,
			);
			buildRules = (
			);
			dependencies = (
			);
			name = WishApp;
			productName = WishApp;
			productReference = ED6DB19429B4F21F00A11CA3 /* WishApp.app */;
			productType = "com.apple.product-type.application";
		};
/* End PBXNativeTarget section */

/* Begin PBXProject section */
		ED6DB18C29B4F21E00A11CA3 /* Project object */ = {
			isa = PBXProject;
			attributes = {
				BuildIndependentTargetsInParallel = 1;
				LastSwiftUpdateCheck = 1420;
				LastUpgradeCheck = 1420;
				TargetAttributes = {
					ED6DB19329B4F21F00A11CA3 = {
						CreatedOnToolsVersion = 14.2;
					};
				};
			};
			buildConfigurationList = ED6DB18F29B4F21F00A11CA3 /* Build configuration list for PBXProject "WishApp" */;
			compatibilityVersion = "Xcode 14.0";
			developmentRegion = en;
			hasScannedForEncodings = 0;
			knownRegions = (
				en,
				ru,
				Base,
			);
			mainGroup = ED6DB18B29B4F21E00A11CA3;
			productRefGroup = ED6DB19529B4F21F00A11CA3 /* Products */;
			projectDirPath = "";
			projectRoot = "";
			targets = (
				ED6DB19329B4F21F00A11CA3 /* WishApp */,
			);
		};
/* End PBXProject section */

/* Begin PBXResourcesBuildPhase section */
		ED6DB19229B4F21F00A11CA3 /* Resources */ = {
			isa = PBXResourcesBuildPhase;
			buildActionMask = 2147483647;
			files = (
				ED6DB19F29B4F21F00A11CA3 /* Preview Assets.xcassets in Resources */,
				ED3973CC2A28F33C00DB0896 /* InfoPlist.strings in Resources */,
				ED3973C62A28F27A00DB0896 /* Localizable.strings in Resources */,
				ED2555BF2A2A3B0F00678E7C /* Localizable.stringsdict in Resources */,
				ED6DB19C29B4F21F00A11CA3 /* Assets.xcassets in Resources */,
			);
			runOnlyForDeploymentPostprocessing = 0;
		};
/* End PBXResourcesBuildPhase section */

/* Begin PBXShellScriptBuildPhase section */
		1BD4AE511C359344A2D059D9 /* [CP] Embed Pods Frameworks */ = {
			isa = PBXShellScriptBuildPhase;
			buildActionMask = 2147483647;
			files = (
			);
			inputFileListPaths = (
				"${PODS_ROOT}/Target Support Files/Pods-WishApp/Pods-WishApp-frameworks-${CONFIGURATION}-input-files.xcfilelist",
			);
			name = "[CP] Embed Pods Frameworks";
			outputFileListPaths = (
				"${PODS_ROOT}/Target Support Files/Pods-WishApp/Pods-WishApp-frameworks-${CONFIGURATION}-output-files.xcfilelist",
			);
			runOnlyForDeploymentPostprocessing = 0;
			shellPath = /bin/sh;
			shellScript = "\"${PODS_ROOT}/Target Support Files/Pods-WishApp/Pods-WishApp-frameworks.sh\"\n";
			showEnvVarsInLog = 0;
		};
		24EB4C37C69C6782079FF015 /* [CP] Check Pods Manifest.lock */ = {
			isa = PBXShellScriptBuildPhase;
			buildActionMask = 2147483647;
			files = (
			);
			inputFileListPaths = (
			);
			inputPaths = (
				"${PODS_PODFILE_DIR_PATH}/Podfile.lock",
				"${PODS_ROOT}/Manifest.lock",
			);
			name = "[CP] Check Pods Manifest.lock";
			outputFileListPaths = (
			);
			outputPaths = (
				"$(DERIVED_FILE_DIR)/Pods-WishApp-checkManifestLockResult.txt",
			);
			runOnlyForDeploymentPostprocessing = 0;
			shellPath = /bin/sh;
			shellScript = "diff \"${PODS_PODFILE_DIR_PATH}/Podfile.lock\" \"${PODS_ROOT}/Manifest.lock\" > /dev/null\nif [ $? != 0 ] ; then\n    # print error to STDERR\n    echo \"error: The sandbox is not in sync with the Podfile.lock. Run 'pod install' or update your CocoaPods installation.\" >&2\n    exit 1\nfi\n# This output is used by Xcode 'outputs' to avoid re-running this script phase.\necho \"SUCCESS\" > \"${SCRIPT_OUTPUT_FILE_0}\"\n";
			showEnvVarsInLog = 0;
		};
/* End PBXShellScriptBuildPhase section */

/* Begin PBXSourcesBuildPhase section */
		ED6DB19029B4F21F00A11CA3 /* Sources */ = {
			isa = PBXSourcesBuildPhase;
			buildActionMask = 2147483647;
			files = (
				ED6EFA3D2A22495F00CC1B13 /* WishListView.swift in Sources */,
				ED6EFA4A2A2256D200CC1B13 /* MainItem.swift in Sources */,
				ED6EFA3B2A22495200CC1B13 /* MainView.swift in Sources */,
				EDB776EE2A27AC9D0087EA06 /* MainViewState.swift in Sources */,
				ED6EFA4C2A225A7400CC1B13 /* WishListMode.swift in Sources */,
				ED6DB19829B4F21F00A11CA3 /* WishApp.swift in Sources */,
				ED2555BC2A2A34A700678E7C /* TagItemView.swift in Sources */,
				ED6DB1AB29B503B800A11CA3 /* Utils.swift in Sources */,
				ED6EFA472A224B8700CC1B13 /* NavigationModel.swift in Sources */,
				ED6EFA3F2A22498700CC1B13 /* WishListViewModel.swift in Sources */,
				ED232D4C2A1F85B000C51DB7 /* WishEntityExt.swift in Sources */,
				ED6EFA412A2249B000CC1B13 /* MainViewModel.swift in Sources */,
			);
			runOnlyForDeploymentPostprocessing = 0;
		};
/* End PBXSourcesBuildPhase section */

/* Begin PBXVariantGroup section */
		ED2555C12A2A3B0F00678E7C /* Localizable.stringsdict */ = {
			isa = PBXVariantGroup;
			children = (
				ED2555C02A2A3B0F00678E7C /* en */,
				ED2555C22A2A3B1200678E7C /* ru */,
			);
			name = Localizable.stringsdict;
			sourceTree = "<group>";
		};
		ED3973C82A28F27A00DB0896 /* Localizable.strings */ = {
			isa = PBXVariantGroup;
			children = (
				ED3973C72A28F27A00DB0896 /* en */,
				ED3973C92A28F28600DB0896 /* ru */,
			);
			name = Localizable.strings;
			sourceTree = "<group>";
		};
		ED3973CE2A28F33C00DB0896 /* InfoPlist.strings */ = {
			isa = PBXVariantGroup;
			children = (
				ED3973CD2A28F33C00DB0896 /* en */,
				ED3973CF2A28F33F00DB0896 /* ru */,
			);
			name = InfoPlist.strings;
			sourceTree = "<group>";
		};
/* End PBXVariantGroup section */

/* Begin XCBuildConfiguration section */
		ED6DB1A029B4F21F00A11CA3 /* Debug */ = {
			isa = XCBuildConfiguration;
			buildSettings = {
				ALWAYS_SEARCH_USER_PATHS = NO;
				CLANG_ANALYZER_NONNULL = YES;
				CLANG_ANALYZER_NUMBER_OBJECT_CONVERSION = YES_AGGRESSIVE;
				CLANG_CXX_LANGUAGE_STANDARD = "gnu++20";
				CLANG_ENABLE_MODULES = YES;
				CLANG_ENABLE_OBJC_ARC = YES;
				CLANG_ENABLE_OBJC_WEAK = YES;
				CLANG_WARN_BLOCK_CAPTURE_AUTORELEASING = YES;
				CLANG_WARN_BOOL_CONVERSION = YES;
				CLANG_WARN_COMMA = YES;
				CLANG_WARN_CONSTANT_CONVERSION = YES;
				CLANG_WARN_DEPRECATED_OBJC_IMPLEMENTATIONS = YES;
				CLANG_WARN_DIRECT_OBJC_ISA_USAGE = YES_ERROR;
				CLANG_WARN_DOCUMENTATION_COMMENTS = YES;
				CLANG_WARN_EMPTY_BODY = YES;
				CLANG_WARN_ENUM_CONVERSION = YES;
				CLANG_WARN_INFINITE_RECURSION = YES;
				CLANG_WARN_INT_CONVERSION = YES;
				CLANG_WARN_NON_LITERAL_NULL_CONVERSION = YES;
				CLANG_WARN_OBJC_IMPLICIT_RETAIN_SELF = YES;
				CLANG_WARN_OBJC_LITERAL_CONVERSION = YES;
				CLANG_WARN_OBJC_ROOT_CLASS = YES_ERROR;
				CLANG_WARN_QUOTED_INCLUDE_IN_FRAMEWORK_HEADER = YES;
				CLANG_WARN_RANGE_LOOP_ANALYSIS = YES;
				CLANG_WARN_STRICT_PROTOTYPES = YES;
				CLANG_WARN_SUSPICIOUS_MOVE = YES;
				CLANG_WARN_UNGUARDED_AVAILABILITY = YES_AGGRESSIVE;
				CLANG_WARN_UNREACHABLE_CODE = YES;
				CLANG_WARN__DUPLICATE_METHOD_MATCH = YES;
				COPY_PHASE_STRIP = NO;
				DEBUG_INFORMATION_FORMAT = dwarf;
				ENABLE_STRICT_OBJC_MSGSEND = YES;
				ENABLE_TESTABILITY = YES;
				GCC_C_LANGUAGE_STANDARD = gnu11;
				GCC_DYNAMIC_NO_PIC = NO;
				GCC_NO_COMMON_BLOCKS = YES;
				GCC_OPTIMIZATION_LEVEL = 0;
				GCC_PREPROCESSOR_DEFINITIONS = (
					"DEBUG=1",
					"$(inherited)",
				);
				GCC_WARN_64_TO_32_BIT_CONVERSION = YES;
				GCC_WARN_ABOUT_RETURN_TYPE = YES_ERROR;
				GCC_WARN_UNDECLARED_SELECTOR = YES;
				GCC_WARN_UNINITIALIZED_AUTOS = YES_AGGRESSIVE;
				GCC_WARN_UNUSED_FUNCTION = YES;
				GCC_WARN_UNUSED_VARIABLE = YES;
				IPHONEOS_DEPLOYMENT_TARGET = 16.2;
				MTL_ENABLE_DEBUG_INFO = INCLUDE_SOURCE;
				MTL_FAST_MATH = YES;
				ONLY_ACTIVE_ARCH = YES;
				SDKROOT = iphoneos;
				SWIFT_ACTIVE_COMPILATION_CONDITIONS = DEBUG;
				SWIFT_EMIT_LOC_STRINGS = YES;
				SWIFT_OPTIMIZATION_LEVEL = "-Onone";
			};
			name = Debug;
		};
		ED6DB1A129B4F21F00A11CA3 /* Release */ = {
			isa = XCBuildConfiguration;
			buildSettings = {
				ALWAYS_SEARCH_USER_PATHS = NO;
				CLANG_ANALYZER_NONNULL = YES;
				CLANG_ANALYZER_NUMBER_OBJECT_CONVERSION = YES_AGGRESSIVE;
				CLANG_CXX_LANGUAGE_STANDARD = "gnu++20";
				CLANG_ENABLE_MODULES = YES;
				CLANG_ENABLE_OBJC_ARC = YES;
				CLANG_ENABLE_OBJC_WEAK = YES;
				CLANG_WARN_BLOCK_CAPTURE_AUTORELEASING = YES;
				CLANG_WARN_BOOL_CONVERSION = YES;
				CLANG_WARN_COMMA = YES;
				CLANG_WARN_CONSTANT_CONVERSION = YES;
				CLANG_WARN_DEPRECATED_OBJC_IMPLEMENTATIONS = YES;
				CLANG_WARN_DIRECT_OBJC_ISA_USAGE = YES_ERROR;
				CLANG_WARN_DOCUMENTATION_COMMENTS = YES;
				CLANG_WARN_EMPTY_BODY = YES;
				CLANG_WARN_ENUM_CONVERSION = YES;
				CLANG_WARN_INFINITE_RECURSION = YES;
				CLANG_WARN_INT_CONVERSION = YES;
				CLANG_WARN_NON_LITERAL_NULL_CONVERSION = YES;
				CLANG_WARN_OBJC_IMPLICIT_RETAIN_SELF = YES;
				CLANG_WARN_OBJC_LITERAL_CONVERSION = YES;
				CLANG_WARN_OBJC_ROOT_CLASS = YES_ERROR;
				CLANG_WARN_QUOTED_INCLUDE_IN_FRAMEWORK_HEADER = YES;
				CLANG_WARN_RANGE_LOOP_ANALYSIS = YES;
				CLANG_WARN_STRICT_PROTOTYPES = YES;
				CLANG_WARN_SUSPICIOUS_MOVE = YES;
				CLANG_WARN_UNGUARDED_AVAILABILITY = YES_AGGRESSIVE;
				CLANG_WARN_UNREACHABLE_CODE = YES;
				CLANG_WARN__DUPLICATE_METHOD_MATCH = YES;
				COPY_PHASE_STRIP = NO;
				DEBUG_INFORMATION_FORMAT = "dwarf-with-dsym";
				ENABLE_NS_ASSERTIONS = NO;
				ENABLE_STRICT_OBJC_MSGSEND = YES;
				GCC_C_LANGUAGE_STANDARD = gnu11;
				GCC_NO_COMMON_BLOCKS = YES;
				GCC_WARN_64_TO_32_BIT_CONVERSION = YES;
				GCC_WARN_ABOUT_RETURN_TYPE = YES_ERROR;
				GCC_WARN_UNDECLARED_SELECTOR = YES;
				GCC_WARN_UNINITIALIZED_AUTOS = YES_AGGRESSIVE;
				GCC_WARN_UNUSED_FUNCTION = YES;
				GCC_WARN_UNUSED_VARIABLE = YES;
				IPHONEOS_DEPLOYMENT_TARGET = 16.2;
				MTL_ENABLE_DEBUG_INFO = NO;
				MTL_FAST_MATH = YES;
				SDKROOT = iphoneos;
				SWIFT_COMPILATION_MODE = wholemodule;
				SWIFT_EMIT_LOC_STRINGS = YES;
				SWIFT_OPTIMIZATION_LEVEL = "-O";
				VALIDATE_PRODUCT = YES;
			};
			name = Release;
		};
		ED6DB1A329B4F21F00A11CA3 /* Debug */ = {
			isa = XCBuildConfiguration;
			baseConfigurationReference = 09C1248ADD095BAC97F25AF2 /* Pods-WishApp.debug.xcconfig */;
			buildSettings = {
				ASSETCATALOG_COMPILER_APPICON_NAME = AppIcon;
				ASSETCATALOG_COMPILER_GLOBAL_ACCENT_COLOR_NAME = AccentColor;
				CODE_SIGN_STYLE = Automatic;
				CURRENT_PROJECT_VERSION = 1;
				DEVELOPMENT_ASSET_PATHS = "\"WishApp/Preview Content\"";
				DEVELOPMENT_TEAM = 7K525734CM;
				ENABLE_PREVIEWS = YES;
				GENERATE_INFOPLIST_FILE = YES;
				INFOPLIST_KEY_UIApplicationSceneManifest_Generation = YES;
				INFOPLIST_KEY_UIApplicationSupportsIndirectInputEvents = YES;
				INFOPLIST_KEY_UILaunchScreen_Generation = YES;
				INFOPLIST_KEY_UISupportedInterfaceOrientations_iPad = "UIInterfaceOrientationPortrait UIInterfaceOrientationPortraitUpsideDown UIInterfaceOrientationLandscapeLeft UIInterfaceOrientationLandscapeRight";
				INFOPLIST_KEY_UISupportedInterfaceOrientations_iPhone = "UIInterfaceOrientationPortrait UIInterfaceOrientationLandscapeLeft UIInterfaceOrientationLandscapeRight";
				LD_RUNPATH_SEARCH_PATHS = (
					"$(inherited)",
					"@executable_path/Frameworks",
				);
				MARKETING_VERSION = 1.0;
				PRODUCT_BUNDLE_IDENTIFIER = com.vitaliy.belyaev.WishApp;
				PRODUCT_NAME = "$(TARGET_NAME)";
				SWIFT_EMIT_LOC_STRINGS = YES;
				SWIFT_VERSION = 5.0;
				TARGETED_DEVICE_FAMILY = "1,2";
			};
			name = Debug;
		};
		ED6DB1A429B4F21F00A11CA3 /* Release */ = {
			isa = XCBuildConfiguration;
			baseConfigurationReference = 2571903193AD706D91A31376 /* Pods-WishApp.release.xcconfig */;
			buildSettings = {
				ASSETCATALOG_COMPILER_APPICON_NAME = AppIcon;
				ASSETCATALOG_COMPILER_GLOBAL_ACCENT_COLOR_NAME = AccentColor;
				CODE_SIGN_STYLE = Automatic;
				CURRENT_PROJECT_VERSION = 1;
				DEVELOPMENT_ASSET_PATHS = "\"WishApp/Preview Content\"";
				DEVELOPMENT_TEAM = 7K525734CM;
				ENABLE_PREVIEWS = YES;
				GENERATE_INFOPLIST_FILE = YES;
				INFOPLIST_KEY_UIApplicationSceneManifest_Generation = YES;
				INFOPLIST_KEY_UIApplicationSupportsIndirectInputEvents = YES;
				INFOPLIST_KEY_UILaunchScreen_Generation = YES;
				INFOPLIST_KEY_UISupportedInterfaceOrientations_iPad = "UIInterfaceOrientationPortrait UIInterfaceOrientationPortraitUpsideDown UIInterfaceOrientationLandscapeLeft UIInterfaceOrientationLandscapeRight";
				INFOPLIST_KEY_UISupportedInterfaceOrientations_iPhone = "UIInterfaceOrientationPortrait UIInterfaceOrientationLandscapeLeft UIInterfaceOrientationLandscapeRight";
				LD_RUNPATH_SEARCH_PATHS = (
					"$(inherited)",
					"@executable_path/Frameworks",
				);
				MARKETING_VERSION = 1.0;
				PRODUCT_BUNDLE_IDENTIFIER = com.vitaliy.belyaev.WishApp;
				PRODUCT_NAME = "$(TARGET_NAME)";
				SWIFT_EMIT_LOC_STRINGS = YES;
				SWIFT_VERSION = 5.0;
				TARGETED_DEVICE_FAMILY = "1,2";
			};
			name = Release;
		};
/* End XCBuildConfiguration section */

/* Begin XCConfigurationList section */
		ED6DB18F29B4F21F00A11CA3 /* Build configuration list for PBXProject "WishApp" */ = {
			isa = XCConfigurationList;
			buildConfigurations = (
				ED6DB1A029B4F21F00A11CA3 /* Debug */,
				ED6DB1A129B4F21F00A11CA3 /* Release */,
			);
			defaultConfigurationIsVisible = 0;
			defaultConfigurationName = Release;
		};
		ED6DB1A229B4F21F00A11CA3 /* Build configuration list for PBXNativeTarget "WishApp" */ = {
			isa = XCConfigurationList;
			buildConfigurations = (
				ED6DB1A329B4F21F00A11CA3 /* Debug */,
				ED6DB1A429B4F21F00A11CA3 /* Release */,
			);
			defaultConfigurationIsVisible = 0;
			defaultConfigurationName = Release;
		};
/* End XCConfigurationList section */
	};
	rootObject = ED6DB18C29B4F21E00A11CA3 /* Project object */;
}
